{
  "nodes": {
    "nixpkgs": {
      "locked": {
        "lastModified": 1667299198,
        "narHash": "sha256-bXiG3KUK+1A6PWmrQ85FsfikHiQW68fXmg7ZnG9+M6Y=",
        "owner": "nixos",
        "repo": "nixpkgs",
        "rev": "1cf00ea3e8f24cce9550f833c03edb234c9b1a4f",
        "type": "github"
      },
      "original": {
        "owner": "nixos",
        "ref": "release-22.05",
        "repo": "nixpkgs",
        "type": "github"
      }
    },
    "root": {
      "inputs": {
        "nixpkgs": "nixpkgs"
      }
    }
  },
  "root": "root",
  "version": 7
}
