{
  "nodes": {
    "nixpkgs": {
      "locked": {
        "lastModified": 1659494009,
        "narHash": "sha256-nc+hw2/FbqHTORvaH9GrZi/wl3RyFx98wB+gzcThu2o=",
        "owner": "nixos",
        "repo": "nixpkgs",
        "rev": "c55096e021c6ab0be3945be2535b3b4324e4f571",
        "type": "github"
      },
      "original": {
        "owner": "nixos",
        "ref": "release-22.05",
        "repo": "nixpkgs",
        "type": "github"
      }
    },
    "root": {
      "inputs": {
        "nixpkgs": "nixpkgs"
      }
    }
  },
  "root": "root",
  "version": 7
}
